
Microsoft Visual Studio Solution File, Format Version 12.00
# Visual Studio 15
VisualStudioVersion = 15.0.28307.1321
MinimumVisualStudioVersion = 10.0.40219.1
Project("{FAE04EC0-301F-11D3-BF4B-00C04F79EFBC}") = "Snake-v1", "Snake-v1\Snake-v1.csproj", "{169E2E66-21F3-45EF-893D-77B819934586}"
EndProject
Global
	GlobalSection(SolutionConfigurationPlatforms) = preSolution
		Debug|Any CPU = Debug|Any CPU
		Release|Any CPU = Release|Any CPU
	EndGlobalSection
	GlobalSection(ProjectConfigurationPlatforms) = postSolution
		{169E2E66-21F3-45EF-893D-77B819934586}.Debug|Any CPU.ActiveCfg = Debug|Any CPU
		{169E2E66-21F3-45EF-893D-77B819934586}.Debug|Any CPU.Build.0 = Debug|Any CPU
		{169E2E66-21F3-45EF-893D-77B819934586}.Release|Any CPU.ActiveCfg = Release|Any CPU
		{169E2E66-21F3-45EF-893D-77B819934586}.Release|Any CPU.Build.0 = Release|Any CPU
	EndGlobalSection
	GlobalSection(SolutionProperties) = preSolution
		HideSolutionNode = FALSE
	EndGlobalSection
	GlobalSection(ExtensibilityGlobals) = postSolution
		SolutionGuid = {FC1CDF25-BC30-45D3-9136-495125B22A21}
	EndGlobalSection
EndGlobal
